// !$*UTF8*$!
{
	archiveVersion = 1;
	classes = {
	};
	objectVersion = 56;
	objects = {

/* Begin PBXBuildFile section */
		71370CC62CCA3E64007718F9 /* AddEmployeeContactDetailsVC.swift in Sources */ = {isa = PBXBuildFile; fileRef = 71370CC52CCA3E64007718F9 /* AddEmployeeContactDetailsVC.swift */; };
		713B6C802CCB760F00465A6C /* AppUserData.swift in Sources */ = {isa = PBXBuildFile; fileRef = 713B6C7F2CCB760F00465A6C /* AppUserData.swift */; };
		713B6C842CCB7C1400465A6C /* EmployeesListingVM.swift in Sources */ = {isa = PBXBuildFile; fileRef = 713B6C832CCB7C1400465A6C /* EmployeesListingVM.swift */; };
		713B6C862CCB7CA000465A6C /* EmployeeModel.swift in Sources */ = {isa = PBXBuildFile; fileRef = 713B6C852CCB7CA000465A6C /* EmployeeModel.swift */; };
		713B6C882CCB853100465A6C /* RegisterVM.swift in Sources */ = {isa = PBXBuildFile; fileRef = 713B6C872CCB853100465A6C /* RegisterVM.swift */; };
		713B6C8A2CCB89B100465A6C /* RegisterModel.swift in Sources */ = {isa = PBXBuildFile; fileRef = 713B6C892CCB89B100465A6C /* RegisterModel.swift */; };
		714EF1182CCA5115000907AA /* AddEmployeeSalarySchemeVC.swift in Sources */ = {isa = PBXBuildFile; fileRef = 714EF1172CCA5115000907AA /* AddEmployeeSalarySchemeVC.swift */; };
		714EF11B2CCA5926000907AA /* PaymentsTVC.swift in Sources */ = {isa = PBXBuildFile; fileRef = 714EF1192CCA5926000907AA /* PaymentsTVC.swift */; };
		714EF11C2CCA5926000907AA /* PaymentsTVC.xib in Resources */ = {isa = PBXBuildFile; fileRef = 714EF11A2CCA5926000907AA /* PaymentsTVC.xib */; };
		714EF11E2CCA6044000907AA /* EmployeeDetailsVC.swift in Sources */ = {isa = PBXBuildFile; fileRef = 714EF11D2CCA6044000907AA /* EmployeeDetailsVC.swift */; };
		714EF1202CCA663E000907AA /* AddPaymentVC.swift in Sources */ = {isa = PBXBuildFile; fileRef = 714EF11F2CCA663E000907AA /* AddPaymentVC.swift */; };
		71A3410E2CCBA532008EB479 /* AddEmployeeBasicDetailsVM.swift in Sources */ = {isa = PBXBuildFile; fileRef = 71A3410D2CCBA532008EB479 /* AddEmployeeBasicDetailsVM.swift */; };
		71A341102CCBA5AD008EB479 /* DesignationModel.swift in Sources */ = {isa = PBXBuildFile; fileRef = 71A3410F2CCBA5AD008EB479 /* DesignationModel.swift */; };
		71AFA8CE2CCB54F000F87553 /* LoginVM.swift in Sources */ = {isa = PBXBuildFile; fileRef = 71AFA8CD2CCB54F000F87553 /* LoginVM.swift */; };
		71AFA8D02CCB55B900F87553 /* Observable.swift in Sources */ = {isa = PBXBuildFile; fileRef = 71AFA8CF2CCB55B900F87553 /* Observable.swift */; };
		71AFA8D22CCB5C2C00F87553 /* APIsList.swift in Sources */ = {isa = PBXBuildFile; fileRef = 71AFA8D12CCB5C2C00F87553 /* APIsList.swift */; };
		71AFA8D42CCB619A00F87553 /* LoginModel.swift in Sources */ = {isa = PBXBuildFile; fileRef = 71AFA8D32CCB619A00F87553 /* LoginModel.swift */; };
		71CDEAF12CCA07C600C82BAE /* AppDelegate.swift in Sources */ = {isa = PBXBuildFile; fileRef = 71CDEAF02CCA07C600C82BAE /* AppDelegate.swift */; };
		71CDEAF32CCA07C600C82BAE /* SceneDelegate.swift in Sources */ = {isa = PBXBuildFile; fileRef = 71CDEAF22CCA07C600C82BAE /* SceneDelegate.swift */; };
		71CDEAF52CCA07C600C82BAE /* LoginVC.swift in Sources */ = {isa = PBXBuildFile; fileRef = 71CDEAF42CCA07C600C82BAE /* LoginVC.swift */; };
		71CDEAF82CCA07C600C82BAE /* Base in Resources */ = {isa = PBXBuildFile; fileRef = 71CDEAF72CCA07C600C82BAE /* Base */; };
		71CDEAFA2CCA07C800C82BAE /* Assets.xcassets in Resources */ = {isa = PBXBuildFile; fileRef = 71CDEAF92CCA07C800C82BAE /* Assets.xcassets */; };
		71CDEB0D2CCA108F00C82BAE /* ViewClasses.swift in Sources */ = {isa = PBXBuildFile; fileRef = 71CDEB0C2CCA108F00C82BAE /* ViewClasses.swift */; };
		71CDEB0F2CCA176400C82BAE /* ButtonClasses.swift in Sources */ = {isa = PBXBuildFile; fileRef = 71CDEB0E2CCA176400C82BAE /* ButtonClasses.swift */; };
		71CDEB112CCA1A3700C82BAE /* RegisterVC.swift in Sources */ = {isa = PBXBuildFile; fileRef = 71CDEB102CCA1A3700C82BAE /* RegisterVC.swift */; };
		71CDEB142CCA1D0E00C82BAE /* AppController.swift in Sources */ = {isa = PBXBuildFile; fileRef = 71CDEB132CCA1D0E00C82BAE /* AppController.swift */; };
		71CDEB1B2CCA2A0300C82BAE /* Employee.storyboard in Resources */ = {isa = PBXBuildFile; fileRef = 71CDEB1A2CCA2A0300C82BAE /* Employee.storyboard */; };
		71CDEB1D2CCA2A7B00C82BAE /* EmployeesListingVC.swift in Sources */ = {isa = PBXBuildFile; fileRef = 71CDEB1C2CCA2A7B00C82BAE /* EmployeesListingVC.swift */; };
		71CDEB212CCA2C4B00C82BAE /* EmployeesListTVC.swift in Sources */ = {isa = PBXBuildFile; fileRef = 71CDEB1F2CCA2C4B00C82BAE /* EmployeesListTVC.swift */; };
		71CDEB222CCA2C4B00C82BAE /* EmployeesListTVC.xib in Resources */ = {isa = PBXBuildFile; fileRef = 71CDEB202CCA2C4B00C82BAE /* EmployeesListTVC.xib */; };
		71CDEB242CCA339400C82BAE /* AddEmployeeBasicDetailsVC.swift in Sources */ = {isa = PBXBuildFile; fileRef = 71CDEB232CCA339400C82BAE /* AddEmployeeBasicDetailsVC.swift */; };
		71FBAC732CCB451100625850 /* AppToastView.swift in Sources */ = {isa = PBXBuildFile; fileRef = 71FBAC722CCB451100625850 /* AppToastView.swift */; };
		71FBAC752CCB458A00625850 /* AppActivityIndicator.swift in Sources */ = {isa = PBXBuildFile; fileRef = 71FBAC742CCB458A00625850 /* AppActivityIndicator.swift */; };
		71FBAC772CCB46A300625850 /* APICallManager.swift in Sources */ = {isa = PBXBuildFile; fileRef = 71FBAC762CCB46A300625850 /* APICallManager.swift */; };
		71FBAC792CCB47E200625850 /* Network.swift in Sources */ = {isa = PBXBuildFile; fileRef = 71FBAC782CCB47E200625850 /* Network.swift */; };
		71FBAC7B2CCB485400625850 /* ValidationService.swift in Sources */ = {isa = PBXBuildFile; fileRef = 71FBAC7A2CCB485400625850 /* ValidationService.swift */; };
		71FBAC7E2CCB495B00625850 /* StringExtensions.swift in Sources */ = {isa = PBXBuildFile; fileRef = 71FBAC7D2CCB495B00625850 /* StringExtensions.swift */; };
		71FBF7BA2CCBB20100D2635C /* DatePickerVC.swift in Sources */ = {isa = PBXBuildFile; fileRef = 71FBF7B92CCBB20100D2635C /* DatePickerVC.swift */; };
		71FBF7BC2CCBBD8300D2635C /* ImageViewClasses.swift in Sources */ = {isa = PBXBuildFile; fileRef = 71FBF7BB2CCBBD8300D2635C /* ImageViewClasses.swift */; };
		71FBF7BE2CCBBE7100D2635C /* BasicDetailsModel.swift in Sources */ = {isa = PBXBuildFile; fileRef = 71FBF7BD2CCBBE7100D2635C /* BasicDetailsModel.swift */; };
		71FBF7C02CCBC0EA00D2635C /* ContactDetailsModel.swift in Sources */ = {isa = PBXBuildFile; fileRef = 71FBF7BF2CCBC0EA00D2635C /* ContactDetailsModel.swift */; };
		869E17513F2CC476BAF9D552 /* Pods_Employee_Details.framework in Frameworks */ = {isa = PBXBuildFile; fileRef = 13383E71B1E2E28E8E8DC578 /* Pods_Employee_Details.framework */; };
/* End PBXBuildFile section */

/* Begin PBXFileReference section */
		09835A370A465CEEFBB3D643 /* Pods-Employee Details.release.xcconfig */ = {isa = PBXFileReference; includeInIndex = 1; lastKnownFileType = text.xcconfig; name = "Pods-Employee Details.release.xcconfig"; path = "Target Support Files/Pods-Employee Details/Pods-Employee Details.release.xcconfig"; sourceTree = "<group>"; };
		13383E71B1E2E28E8E8DC578 /* Pods_Employee_Details.framework */ = {isa = PBXFileReference; explicitFileType = wrapper.framework; includeInIndex = 0; path = Pods_Employee_Details.framework; sourceTree = BUILT_PRODUCTS_DIR; };
		71370CC52CCA3E64007718F9 /* AddEmployeeContactDetailsVC.swift */ = {isa = PBXFileReference; lastKnownFileType = sourcecode.swift; path = AddEmployeeContactDetailsVC.swift; sourceTree = "<group>"; };
		713B6C7F2CCB760F00465A6C /* AppUserData.swift */ = {isa = PBXFileReference; lastKnownFileType = sourcecode.swift; path = AppUserData.swift; sourceTree = "<group>"; };
		713B6C832CCB7C1400465A6C /* EmployeesListingVM.swift */ = {isa = PBXFileReference; lastKnownFileType = sourcecode.swift; path = EmployeesListingVM.swift; sourceTree = "<group>"; };
		713B6C852CCB7CA000465A6C /* EmployeeModel.swift */ = {isa = PBXFileReference; lastKnownFileType = sourcecode.swift; path = EmployeeModel.swift; sourceTree = "<group>"; };
		713B6C872CCB853100465A6C /* RegisterVM.swift */ = {isa = PBXFileReference; lastKnownFileType = sourcecode.swift; path = RegisterVM.swift; sourceTree = "<group>"; };
		713B6C892CCB89B100465A6C /* RegisterModel.swift */ = {isa = PBXFileReference; lastKnownFileType = sourcecode.swift; path = RegisterModel.swift; sourceTree = "<group>"; };
		714EF1172CCA5115000907AA /* AddEmployeeSalarySchemeVC.swift */ = {isa = PBXFileReference; lastKnownFileType = sourcecode.swift; path = AddEmployeeSalarySchemeVC.swift; sourceTree = "<group>"; };
		714EF1192CCA5926000907AA /* PaymentsTVC.swift */ = {isa = PBXFileReference; lastKnownFileType = sourcecode.swift; path = PaymentsTVC.swift; sourceTree = "<group>"; };
		714EF11A2CCA5926000907AA /* PaymentsTVC.xib */ = {isa = PBXFileReference; lastKnownFileType = file.xib; path = PaymentsTVC.xib; sourceTree = "<group>"; };
		714EF11D2CCA6044000907AA /* EmployeeDetailsVC.swift */ = {isa = PBXFileReference; lastKnownFileType = sourcecode.swift; path = EmployeeDetailsVC.swift; sourceTree = "<group>"; };
		714EF11F2CCA663E000907AA /* AddPaymentVC.swift */ = {isa = PBXFileReference; lastKnownFileType = sourcecode.swift; path = AddPaymentVC.swift; sourceTree = "<group>"; };
		71A3410D2CCBA532008EB479 /* AddEmployeeBasicDetailsVM.swift */ = {isa = PBXFileReference; lastKnownFileType = sourcecode.swift; path = AddEmployeeBasicDetailsVM.swift; sourceTree = "<group>"; };
		71A3410F2CCBA5AD008EB479 /* DesignationModel.swift */ = {isa = PBXFileReference; lastKnownFileType = sourcecode.swift; path = DesignationModel.swift; sourceTree = "<group>"; };
		71AFA8CD2CCB54F000F87553 /* LoginVM.swift */ = {isa = PBXFileReference; lastKnownFileType = sourcecode.swift; path = LoginVM.swift; sourceTree = "<group>"; };
		71AFA8CF2CCB55B900F87553 /* Observable.swift */ = {isa = PBXFileReference; lastKnownFileType = sourcecode.swift; path = Observable.swift; sourceTree = "<group>"; };
		71AFA8D12CCB5C2C00F87553 /* APIsList.swift */ = {isa = PBXFileReference; lastKnownFileType = sourcecode.swift; path = APIsList.swift; sourceTree = "<group>"; };
		71AFA8D32CCB619A00F87553 /* LoginModel.swift */ = {isa = PBXFileReference; lastKnownFileType = sourcecode.swift; path = LoginModel.swift; sourceTree = "<group>"; };
		71CDEAED2CCA07C600C82BAE /* Employee Details.app */ = {isa = PBXFileReference; explicitFileType = wrapper.application; includeInIndex = 0; path = "Employee Details.app"; sourceTree = BUILT_PRODUCTS_DIR; };
		71CDEAF02CCA07C600C82BAE /* AppDelegate.swift */ = {isa = PBXFileReference; lastKnownFileType = sourcecode.swift; path = AppDelegate.swift; sourceTree = "<group>"; };
		71CDEAF22CCA07C600C82BAE /* SceneDelegate.swift */ = {isa = PBXFileReference; lastKnownFileType = sourcecode.swift; path = SceneDelegate.swift; sourceTree = "<group>"; };
		71CDEAF42CCA07C600C82BAE /* LoginVC.swift */ = {isa = PBXFileReference; lastKnownFileType = sourcecode.swift; path = LoginVC.swift; sourceTree = "<group>"; };
		71CDEAF72CCA07C600C82BAE /* Base */ = {isa = PBXFileReference; lastKnownFileType = file.storyboard; name = Base; path = Base.lproj/Authentication.storyboard; sourceTree = "<group>"; };
		71CDEAF92CCA07C800C82BAE /* Assets.xcassets */ = {isa = PBXFileReference; lastKnownFileType = folder.assetcatalog; path = Assets.xcassets; sourceTree = "<group>"; };
		71CDEAFE2CCA07C800C82BAE /* Info.plist */ = {isa = PBXFileReference; lastKnownFileType = text.plist.xml; path = Info.plist; sourceTree = "<group>"; };
		71CDEB0C2CCA108F00C82BAE /* ViewClasses.swift */ = {isa = PBXFileReference; lastKnownFileType = sourcecode.swift; path = ViewClasses.swift; sourceTree = "<group>"; };
		71CDEB0E2CCA176400C82BAE /* ButtonClasses.swift */ = {isa = PBXFileReference; lastKnownFileType = sourcecode.swift; path = ButtonClasses.swift; sourceTree = "<group>"; };
		71CDEB102CCA1A3700C82BAE /* RegisterVC.swift */ = {isa = PBXFileReference; lastKnownFileType = sourcecode.swift; path = RegisterVC.swift; sourceTree = "<group>"; };
		71CDEB132CCA1D0E00C82BAE /* AppController.swift */ = {isa = PBXFileReference; lastKnownFileType = sourcecode.swift; path = AppController.swift; sourceTree = "<group>"; };
		71CDEB1A2CCA2A0300C82BAE /* Employee.storyboard */ = {isa = PBXFileReference; lastKnownFileType = file.storyboard; path = Employee.storyboard; sourceTree = "<group>"; };
		71CDEB1C2CCA2A7B00C82BAE /* EmployeesListingVC.swift */ = {isa = PBXFileReference; lastKnownFileType = sourcecode.swift; path = EmployeesListingVC.swift; sourceTree = "<group>"; };
		71CDEB1F2CCA2C4B00C82BAE /* EmployeesListTVC.swift */ = {isa = PBXFileReference; lastKnownFileType = sourcecode.swift; path = EmployeesListTVC.swift; sourceTree = "<group>"; };
		71CDEB202CCA2C4B00C82BAE /* EmployeesListTVC.xib */ = {isa = PBXFileReference; lastKnownFileType = file.xib; path = EmployeesListTVC.xib; sourceTree = "<group>"; };
		71CDEB232CCA339400C82BAE /* AddEmployeeBasicDetailsVC.swift */ = {isa = PBXFileReference; lastKnownFileType = sourcecode.swift; path = AddEmployeeBasicDetailsVC.swift; sourceTree = "<group>"; };
		71FBAC722CCB451100625850 /* AppToastView.swift */ = {isa = PBXFileReference; lastKnownFileType = sourcecode.swift; path = AppToastView.swift; sourceTree = "<group>"; };
		71FBAC742CCB458A00625850 /* AppActivityIndicator.swift */ = {isa = PBXFileReference; lastKnownFileType = sourcecode.swift; path = AppActivityIndicator.swift; sourceTree = "<group>"; };
		71FBAC762CCB46A300625850 /* APICallManager.swift */ = {isa = PBXFileReference; lastKnownFileType = sourcecode.swift; path = APICallManager.swift; sourceTree = "<group>"; };
		71FBAC782CCB47E200625850 /* Network.swift */ = {isa = PBXFileReference; lastKnownFileType = sourcecode.swift; path = Network.swift; sourceTree = "<group>"; };
		71FBAC7A2CCB485400625850 /* ValidationService.swift */ = {isa = PBXFileReference; lastKnownFileType = sourcecode.swift; path = ValidationService.swift; sourceTree = "<group>"; };
		71FBAC7D2CCB495B00625850 /* StringExtensions.swift */ = {isa = PBXFileReference; lastKnownFileType = sourcecode.swift; path = StringExtensions.swift; sourceTree = "<group>"; };
		71FBF7B92CCBB20100D2635C /* DatePickerVC.swift */ = {isa = PBXFileReference; lastKnownFileType = sourcecode.swift; path = DatePickerVC.swift; sourceTree = "<group>"; };
		71FBF7BB2CCBBD8300D2635C /* ImageViewClasses.swift */ = {isa = PBXFileReference; lastKnownFileType = sourcecode.swift; path = ImageViewClasses.swift; sourceTree = "<group>"; };
		71FBF7BD2CCBBE7100D2635C /* BasicDetailsModel.swift */ = {isa = PBXFileReference; lastKnownFileType = sourcecode.swift; path = BasicDetailsModel.swift; sourceTree = "<group>"; };
		71FBF7BF2CCBC0EA00D2635C /* ContactDetailsModel.swift */ = {isa = PBXFileReference; lastKnownFileType = sourcecode.swift; path = ContactDetailsModel.swift; sourceTree = "<group>"; };
		F7B3476715DD7C37552A1F18 /* Pods-Employee Details.debug.xcconfig */ = {isa = PBXFileReference; includeInIndex = 1; lastKnownFileType = text.xcconfig; name = "Pods-Employee Details.debug.xcconfig"; path = "Target Support Files/Pods-Employee Details/Pods-Employee Details.debug.xcconfig"; sourceTree = "<group>"; };
/* End PBXFileReference section */

/* Begin PBXFrameworksBuildPhase section */
		71CDEAEA2CCA07C600C82BAE /* Frameworks */ = {
			isa = PBXFrameworksBuildPhase;
			buildActionMask = 2147483647;
			files = (
				869E17513F2CC476BAF9D552 /* Pods_Employee_Details.framework in Frameworks */,
			);
			runOnlyForDeploymentPostprocessing = 0;
		};
/* End PBXFrameworksBuildPhase section */

/* Begin PBXGroup section */
		71CDEAE42CCA07C600C82BAE = {
			isa = PBXGroup;
			children = (
				71CDEAEF2CCA07C600C82BAE /* Employee Details */,
				71CDEAEE2CCA07C600C82BAE /* Products */,
				D36E004E5671CDAD5C761291 /* Pods */,
				CFCB33BE5589F23605CCEE07 /* Frameworks */,
			);
			sourceTree = "<group>";
		};
		71CDEAEE2CCA07C600C82BAE /* Products */ = {
			isa = PBXGroup;
			children = (
				71CDEAED2CCA07C600C82BAE /* Employee Details.app */,
			);
			name = Products;
			sourceTree = "<group>";
		};
		71CDEAEF2CCA07C600C82BAE /* Employee Details */ = {
			isa = PBXGroup;
			children = (
				71CDEB052CCA083B00C82BAE /* Screens */,
				71CDEB042CCA081900C82BAE /* Supporting Files */,
			);
			path = "Employee Details";
			sourceTree = "<group>";
		};
		71CDEB042CCA081900C82BAE /* Supporting Files */ = {
			isa = PBXGroup;
			children = (
				71CDEB0B2CCA106900C82BAE /* Classes */,
				71FBAC7C2CCB493E00625850 /* Extensions */,
				71CDEAF02CCA07C600C82BAE /* AppDelegate.swift */,
				71AFA8D12CCB5C2C00F87553 /* APIsList.swift */,
				71CDEB132CCA1D0E00C82BAE /* AppController.swift */,
				71CDEAF22CCA07C600C82BAE /* SceneDelegate.swift */,
				71FBAC722CCB451100625850 /* AppToastView.swift */,
				71FBAC742CCB458A00625850 /* AppActivityIndicator.swift */,
				71FBAC762CCB46A300625850 /* APICallManager.swift */,
				71FBAC782CCB47E200625850 /* Network.swift */,
				71FBAC7A2CCB485400625850 /* ValidationService.swift */,
				71AFA8CF2CCB55B900F87553 /* Observable.swift */,
				713B6C7F2CCB760F00465A6C /* AppUserData.swift */,
				71CDEAF92CCA07C800C82BAE /* Assets.xcassets */,
				71CDEAFE2CCA07C800C82BAE /* Info.plist */,
			);
			path = "Supporting Files";
			sourceTree = "<group>";
		};
		71CDEB052CCA083B00C82BAE /* Screens */ = {
			isa = PBXGroup;
			children = (
				71CDEB062CCA084600C82BAE /* Authentication */,
				71CDEB152CCA296B00C82BAE /* Employee */,
			);
			path = Screens;
			sourceTree = "<group>";
		};
		71CDEB062CCA084600C82BAE /* Authentication */ = {
			isa = PBXGroup;
			children = (
				71CDEB072CCA085600C82BAE /* Models */,
				71CDEB082CCA085E00C82BAE /* Views */,
				71CDEB092CCA086300C82BAE /* View Models */,
				71CDEB0A2CCA086D00C82BAE /* Controllers */,
			);
			path = Authentication;
			sourceTree = "<group>";
		};
		71CDEB072CCA085600C82BAE /* Models */ = {
			isa = PBXGroup;
			children = (
				71AFA8D32CCB619A00F87553 /* LoginModel.swift */,
				713B6C892CCB89B100465A6C /* RegisterModel.swift */,
			);
			path = Models;
			sourceTree = "<group>";
		};
		71CDEB082CCA085E00C82BAE /* Views */ = {
			isa = PBXGroup;
			children = (
				71CDEAF62CCA07C600C82BAE /* Authentication.storyboard */,
			);
			path = Views;
			sourceTree = "<group>";
		};
		71CDEB092CCA086300C82BAE /* View Models */ = {
			isa = PBXGroup;
			children = (
				71AFA8CD2CCB54F000F87553 /* LoginVM.swift */,
				713B6C872CCB853100465A6C /* RegisterVM.swift */,
			);
			path = "View Models";
			sourceTree = "<group>";
		};
		71CDEB0A2CCA086D00C82BAE /* Controllers */ = {
			isa = PBXGroup;
			children = (
				71CDEAF42CCA07C600C82BAE /* LoginVC.swift */,
				71CDEB102CCA1A3700C82BAE /* RegisterVC.swift */,
			);
			path = Controllers;
			sourceTree = "<group>";
		};
		71CDEB0B2CCA106900C82BAE /* Classes */ = {
			isa = PBXGroup;
			children = (
				71CDEB0C2CCA108F00C82BAE /* ViewClasses.swift */,
				71CDEB0E2CCA176400C82BAE /* ButtonClasses.swift */,
				71FBF7BB2CCBBD8300D2635C /* ImageViewClasses.swift */,
			);
			path = Classes;
			sourceTree = "<group>";
		};
		71CDEB152CCA296B00C82BAE /* Employee */ = {
			isa = PBXGroup;
			children = (
				71CDEB162CCA29C500C82BAE /* Models */,
				71CDEB172CCA29CE00C82BAE /* Views */,
				71CDEB182CCA29D600C82BAE /* View Models */,
				71CDEB192CCA29DF00C82BAE /* Controllers */,
			);
			path = Employee;
			sourceTree = "<group>";
		};
		71CDEB162CCA29C500C82BAE /* Models */ = {
			isa = PBXGroup;
			children = (
				713B6C852CCB7CA000465A6C /* EmployeeModel.swift */,
				71A3410F2CCBA5AD008EB479 /* DesignationModel.swift */,
				71FBF7BD2CCBBE7100D2635C /* BasicDetailsModel.swift */,
				71FBF7BF2CCBC0EA00D2635C /* ContactDetailsModel.swift */,
			);
			path = Models;
			sourceTree = "<group>";
		};
		71CDEB172CCA29CE00C82BAE /* Views */ = {
			isa = PBXGroup;
			children = (
				71CDEB1E2CCA2C1800C82BAE /* TableView Cells */,
				71CDEB1A2CCA2A0300C82BAE /* Employee.storyboard */,
			);
			path = Views;
			sourceTree = "<group>";
		};
		71CDEB182CCA29D600C82BAE /* View Models */ = {
			isa = PBXGroup;
			children = (
				713B6C832CCB7C1400465A6C /* EmployeesListingVM.swift */,
				71A3410D2CCBA532008EB479 /* AddEmployeeBasicDetailsVM.swift */,
			);
			path = "View Models";
			sourceTree = "<group>";
		};
		71CDEB192CCA29DF00C82BAE /* Controllers */ = {
			isa = PBXGroup;
			children = (
				71CDEB1C2CCA2A7B00C82BAE /* EmployeesListingVC.swift */,
				71CDEB232CCA339400C82BAE /* AddEmployeeBasicDetailsVC.swift */,
				71370CC52CCA3E64007718F9 /* AddEmployeeContactDetailsVC.swift */,
				714EF1172CCA5115000907AA /* AddEmployeeSalarySchemeVC.swift */,
				714EF11F2CCA663E000907AA /* AddPaymentVC.swift */,
				714EF11D2CCA6044000907AA /* EmployeeDetailsVC.swift */,
				71FBF7B92CCBB20100D2635C /* DatePickerVC.swift */,
			);
			path = Controllers;
			sourceTree = "<group>";
		};
		71CDEB1E2CCA2C1800C82BAE /* TableView Cells */ = {
			isa = PBXGroup;
			children = (
				71CDEB1F2CCA2C4B00C82BAE /* EmployeesListTVC.swift */,
				71CDEB202CCA2C4B00C82BAE /* EmployeesListTVC.xib */,
				714EF1192CCA5926000907AA /* PaymentsTVC.swift */,
				714EF11A2CCA5926000907AA /* PaymentsTVC.xib */,
			);
			path = "TableView Cells";
			sourceTree = "<group>";
		};
		71FBAC7C2CCB493E00625850 /* Extensions */ = {
			isa = PBXGroup;
			children = (
				71FBAC7D2CCB495B00625850 /* StringExtensions.swift */,
			);
			path = Extensions;
			sourceTree = "<group>";
		};
		CFCB33BE5589F23605CCEE07 /* Frameworks */ = {
			isa = PBXGroup;
			children = (
				13383E71B1E2E28E8E8DC578 /* Pods_Employee_Details.framework */,
			);
			name = Frameworks;
			sourceTree = "<group>";
		};
		D36E004E5671CDAD5C761291 /* Pods */ = {
			isa = PBXGroup;
			children = (
				F7B3476715DD7C37552A1F18 /* Pods-Employee Details.debug.xcconfig */,
				09835A370A465CEEFBB3D643 /* Pods-Employee Details.release.xcconfig */,
			);
			path = Pods;
			sourceTree = "<group>";
		};
/* End PBXGroup section */

/* Begin PBXNativeTarget section */
		71CDEAEC2CCA07C600C82BAE /* Employee Details */ = {
			isa = PBXNativeTarget;
			buildConfigurationList = 71CDEB012CCA07C800C82BAE /* Build configuration list for PBXNativeTarget "Employee Details" */;
			buildPhases = (
				429A7F5DCBFF502E69D4B8FE /* [CP] Check Pods Manifest.lock */,
				71CDEAE92CCA07C600C82BAE /* Sources */,
				71CDEAEA2CCA07C600C82BAE /* Frameworks */,
				71CDEAEB2CCA07C600C82BAE /* Resources */,
				852B0631CFA56708D53B51C1 /* [CP] Embed Pods Frameworks */,
			);
			buildRules = (
			);
			dependencies = (
			);
			name = "Employee Details";
			productName = "Employee Details";
			productReference = 71CDEAED2CCA07C600C82BAE /* Employee Details.app */;
			productType = "com.apple.product-type.application";
		};
/* End PBXNativeTarget section */

/* Begin PBXProject section */
		71CDEAE52CCA07C600C82BAE /* Project object */ = {
			isa = PBXProject;
			attributes = {
				BuildIndependentTargetsInParallel = 1;
				LastSwiftUpdateCheck = 1530;
				LastUpgradeCheck = 1530;
				TargetAttributes = {
					71CDEAEC2CCA07C600C82BAE = {
						CreatedOnToolsVersion = 15.3;
					};
				};
			};
			buildConfigurationList = 71CDEAE82CCA07C600C82BAE /* Build configuration list for PBXProject "Employee Details" */;
			compatibilityVersion = "Xcode 14.0";
			developmentRegion = en;
			hasScannedForEncodings = 0;
			knownRegions = (
				en,
				Base,
			);
			mainGroup = 71CDEAE42CCA07C600C82BAE;
			productRefGroup = 71CDEAEE2CCA07C600C82BAE /* Products */;
			projectDirPath = "";
			projectRoot = "";
			targets = (
				71CDEAEC2CCA07C600C82BAE /* Employee Details */,
			);
		};
/* End PBXProject section */

/* Begin PBXResourcesBuildPhase section */
		71CDEAEB2CCA07C600C82BAE /* Resources */ = {
			isa = PBXResourcesBuildPhase;
			buildActionMask = 2147483647;
			files = (
				71CDEAFA2CCA07C800C82BAE /* Assets.xcassets in Resources */,
				71CDEB222CCA2C4B00C82BAE /* EmployeesListTVC.xib in Resources */,
				714EF11C2CCA5926000907AA /* PaymentsTVC.xib in Resources */,
				71CDEAF82CCA07C600C82BAE /* Base in Resources */,
				71CDEB1B2CCA2A0300C82BAE /* Employee.storyboard in Resources */,
			);
			runOnlyForDeploymentPostprocessing = 0;
		};
/* End PBXResourcesBuildPhase section */

/* Begin PBXShellScriptBuildPhase section */
		429A7F5DCBFF502E69D4B8FE /* [CP] Check Pods Manifest.lock */ = {
			isa = PBXShellScriptBuildPhase;
			buildActionMask = 2147483647;
			files = (
			);
			inputFileListPaths = (
			);
			inputPaths = (
				"${PODS_PODFILE_DIR_PATH}/Podfile.lock",
				"${PODS_ROOT}/Manifest.lock",
			);
			name = "[CP] Check Pods Manifest.lock";
			outputFileListPaths = (
			);
			outputPaths = (
				"$(DERIVED_FILE_DIR)/Pods-Employee Details-checkManifestLockResult.txt",
			);
			runOnlyForDeploymentPostprocessing = 0;
			shellPath = /bin/sh;
			shellScript = "diff \"${PODS_PODFILE_DIR_PATH}/Podfile.lock\" \"${PODS_ROOT}/Manifest.lock\" > /dev/null\nif [ $? != 0 ] ; then\n    # print error to STDERR\n    echo \"error: The sandbox is not in sync with the Podfile.lock. Run 'pod install' or update your CocoaPods installation.\" >&2\n    exit 1\nfi\n# This output is used by Xcode 'outputs' to avoid re-running this script phase.\necho \"SUCCESS\" > \"${SCRIPT_OUTPUT_FILE_0}\"\n";
			showEnvVarsInLog = 0;
		};
		852B0631CFA56708D53B51C1 /* [CP] Embed Pods Frameworks */ = {
			isa = PBXShellScriptBuildPhase;
			buildActionMask = 2147483647;
			files = (
			);
			inputFileListPaths = (
				"${PODS_ROOT}/Target Support Files/Pods-Employee Details/Pods-Employee Details-frameworks-${CONFIGURATION}-input-files.xcfilelist",
			);
			name = "[CP] Embed Pods Frameworks";
			outputFileListPaths = (
				"${PODS_ROOT}/Target Support Files/Pods-Employee Details/Pods-Employee Details-frameworks-${CONFIGURATION}-output-files.xcfilelist",
			);
			runOnlyForDeploymentPostprocessing = 0;
			shellPath = /bin/sh;
			shellScript = "\"${PODS_ROOT}/Target Support Files/Pods-Employee Details/Pods-Employee Details-frameworks.sh\"\n";
			showEnvVarsInLog = 0;
		};
/* End PBXShellScriptBuildPhase section */

/* Begin PBXSourcesBuildPhase section */
		71CDEAE92CCA07C600C82BAE /* Sources */ = {
			isa = PBXSourcesBuildPhase;
			buildActionMask = 2147483647;
			files = (
				71CDEAF52CCA07C600C82BAE /* LoginVC.swift in Sources */,
				71CDEB1D2CCA2A7B00C82BAE /* EmployeesListingVC.swift in Sources */,
				71CDEB242CCA339400C82BAE /* AddEmployeeBasicDetailsVC.swift in Sources */,
				71FBF7BC2CCBBD8300D2635C /* ImageViewClasses.swift in Sources */,
				71FBAC7E2CCB495B00625850 /* StringExtensions.swift in Sources */,
				71370CC62CCA3E64007718F9 /* AddEmployeeContactDetailsVC.swift in Sources */,
				71FBAC772CCB46A300625850 /* APICallManager.swift in Sources */,
				71FBAC732CCB451100625850 /* AppToastView.swift in Sources */,
				71FBAC7B2CCB485400625850 /* ValidationService.swift in Sources */,
				713B6C862CCB7CA000465A6C /* EmployeeModel.swift in Sources */,
				71CDEB0D2CCA108F00C82BAE /* ViewClasses.swift in Sources */,
				714EF1202CCA663E000907AA /* AddPaymentVC.swift in Sources */,
				71AFA8D42CCB619A00F87553 /* LoginModel.swift in Sources */,
				714EF1182CCA5115000907AA /* AddEmployeeSalarySchemeVC.swift in Sources */,
				71CDEAF12CCA07C600C82BAE /* AppDelegate.swift in Sources */,
				71AFA8CE2CCB54F000F87553 /* LoginVM.swift in Sources */,
				713B6C842CCB7C1400465A6C /* EmployeesListingVM.swift in Sources */,
				71FBF7BE2CCBBE7100D2635C /* BasicDetailsModel.swift in Sources */,
				714EF11E2CCA6044000907AA /* EmployeeDetailsVC.swift in Sources */,
				71FBAC752CCB458A00625850 /* AppActivityIndicator.swift in Sources */,
				713B6C802CCB760F00465A6C /* AppUserData.swift in Sources */,
				713B6C882CCB853100465A6C /* RegisterVM.swift in Sources */,
				71FBAC792CCB47E200625850 /* Network.swift in Sources */,
				714EF11B2CCA5926000907AA /* PaymentsTVC.swift in Sources */,
				71CDEB112CCA1A3700C82BAE /* RegisterVC.swift in Sources */,
				71A341102CCBA5AD008EB479 /* DesignationModel.swift in Sources */,
				71A3410E2CCBA532008EB479 /* AddEmployeeBasicDetailsVM.swift in Sources */,
				71AFA8D22CCB5C2C00F87553 /* APIsList.swift in Sources */,
				71CDEAF32CCA07C600C82BAE /* SceneDelegate.swift in Sources */,
				71CDEB212CCA2C4B00C82BAE /* EmployeesListTVC.swift in Sources */,
				71FBF7BA2CCBB20100D2635C /* DatePickerVC.swift in Sources */,
				713B6C8A2CCB89B100465A6C /* RegisterModel.swift in Sources */,
				71CDEB0F2CCA176400C82BAE /* ButtonClasses.swift in Sources */,
				71CDEB142CCA1D0E00C82BAE /* AppController.swift in Sources */,
				71AFA8D02CCB55B900F87553 /* Observable.swift in Sources */,
				71FBF7C02CCBC0EA00D2635C /* ContactDetailsModel.swift in Sources */,
			);
			runOnlyForDeploymentPostprocessing = 0;
		};
/* End PBXSourcesBuildPhase section */

/* Begin PBXVariantGroup section */
		71CDEAF62CCA07C600C82BAE /* Authentication.storyboard */ = {
			isa = PBXVariantGroup;
			children = (
				71CDEAF72CCA07C600C82BAE /* Base */,
			);
			name = Authentication.storyboard;
			sourceTree = "<group>";
		};
/* End PBXVariantGroup section */

/* Begin XCBuildConfiguration section */
		71CDEAFF2CCA07C800C82BAE /* Debug */ = {
			isa = XCBuildConfiguration;
			buildSettings = {
				ALWAYS_SEARCH_USER_PATHS = NO;
				ASSETCATALOG_COMPILER_GENERATE_SWIFT_ASSET_SYMBOL_EXTENSIONS = YES;
				CLANG_ANALYZER_NONNULL = YES;
				CLANG_ANALYZER_NUMBER_OBJECT_CONVERSION = YES_AGGRESSIVE;
				CLANG_CXX_LANGUAGE_STANDARD = "gnu++20";
				CLANG_ENABLE_MODULES = YES;
				CLANG_ENABLE_OBJC_ARC = YES;
				CLANG_ENABLE_OBJC_WEAK = YES;
				CLANG_WARN_BLOCK_CAPTURE_AUTORELEASING = YES;
				CLANG_WARN_BOOL_CONVERSION = YES;
				CLANG_WARN_COMMA = YES;
				CLANG_WARN_CONSTANT_CONVERSION = YES;
				CLANG_WARN_DEPRECATED_OBJC_IMPLEMENTATIONS = YES;
				CLANG_WARN_DIRECT_OBJC_ISA_USAGE = YES_ERROR;
				CLANG_WARN_DOCUMENTATION_COMMENTS = YES;
				CLANG_WARN_EMPTY_BODY = YES;
				CLANG_WARN_ENUM_CONVERSION = YES;
				CLANG_WARN_INFINITE_RECURSION = YES;
				CLANG_WARN_INT_CONVERSION = YES;
				CLANG_WARN_NON_LITERAL_NULL_CONVERSION = YES;
				CLANG_WARN_OBJC_IMPLICIT_RETAIN_SELF = YES;
				CLANG_WARN_OBJC_LITERAL_CONVERSION = YES;
				CLANG_WARN_OBJC_ROOT_CLASS = YES_ERROR;
				CLANG_WARN_QUOTED_INCLUDE_IN_FRAMEWORK_HEADER = YES;
				CLANG_WARN_RANGE_LOOP_ANALYSIS = YES;
				CLANG_WARN_STRICT_PROTOTYPES = YES;
				CLANG_WARN_SUSPICIOUS_MOVE = YES;
				CLANG_WARN_UNGUARDED_AVAILABILITY = YES_AGGRESSIVE;
				CLANG_WARN_UNREACHABLE_CODE = YES;
				CLANG_WARN__DUPLICATE_METHOD_MATCH = YES;
				COPY_PHASE_STRIP = NO;
				DEBUG_INFORMATION_FORMAT = dwarf;
				ENABLE_STRICT_OBJC_MSGSEND = YES;
				ENABLE_TESTABILITY = YES;
				ENABLE_USER_SCRIPT_SANDBOXING = YES;
				GCC_C_LANGUAGE_STANDARD = gnu17;
				GCC_DYNAMIC_NO_PIC = NO;
				GCC_NO_COMMON_BLOCKS = YES;
				GCC_OPTIMIZATION_LEVEL = 0;
				GCC_PREPROCESSOR_DEFINITIONS = (
					"DEBUG=1",
					"$(inherited)",
				);
				GCC_WARN_64_TO_32_BIT_CONVERSION = YES;
				GCC_WARN_ABOUT_RETURN_TYPE = YES_ERROR;
				GCC_WARN_UNDECLARED_SELECTOR = YES;
				GCC_WARN_UNINITIALIZED_AUTOS = YES_AGGRESSIVE;
				GCC_WARN_UNUSED_FUNCTION = YES;
				GCC_WARN_UNUSED_VARIABLE = YES;
				IPHONEOS_DEPLOYMENT_TARGET = 17.4;
				LOCALIZATION_PREFERS_STRING_CATALOGS = YES;
				MTL_ENABLE_DEBUG_INFO = INCLUDE_SOURCE;
				MTL_FAST_MATH = YES;
				ONLY_ACTIVE_ARCH = YES;
				SDKROOT = iphoneos;
				SWIFT_ACTIVE_COMPILATION_CONDITIONS = "DEBUG $(inherited)";
				SWIFT_OPTIMIZATION_LEVEL = "-Onone";
			};
			name = Debug;
		};
		71CDEB002CCA07C800C82BAE /* Release */ = {
			isa = XCBuildConfiguration;
			buildSettings = {
				ALWAYS_SEARCH_USER_PATHS = NO;
				ASSETCATALOG_COMPILER_GENERATE_SWIFT_ASSET_SYMBOL_EXTENSIONS = YES;
				CLANG_ANALYZER_NONNULL = YES;
				CLANG_ANALYZER_NUMBER_OBJECT_CONVERSION = YES_AGGRESSIVE;
				CLANG_CXX_LANGUAGE_STANDARD = "gnu++20";
				CLANG_ENABLE_MODULES = YES;
				CLANG_ENABLE_OBJC_ARC = YES;
				CLANG_ENABLE_OBJC_WEAK = YES;
				CLANG_WARN_BLOCK_CAPTURE_AUTORELEASING = YES;
				CLANG_WARN_BOOL_CONVERSION = YES;
				CLANG_WARN_COMMA = YES;
				CLANG_WARN_CONSTANT_CONVERSION = YES;
				CLANG_WARN_DEPRECATED_OBJC_IMPLEMENTATIONS = YES;
				CLANG_WARN_DIRECT_OBJC_ISA_USAGE = YES_ERROR;
				CLANG_WARN_DOCUMENTATION_COMMENTS = YES;
				CLANG_WARN_EMPTY_BODY = YES;
				CLANG_WARN_ENUM_CONVERSION = YES;
				CLANG_WARN_INFINITE_RECURSION = YES;
				CLANG_WARN_INT_CONVERSION = YES;
				CLANG_WARN_NON_LITERAL_NULL_CONVERSION = YES;
				CLANG_WARN_OBJC_IMPLICIT_RETAIN_SELF = YES;
				CLANG_WARN_OBJC_LITERAL_CONVERSION = YES;
				CLANG_WARN_OBJC_ROOT_CLASS = YES_ERROR;
				CLANG_WARN_QUOTED_INCLUDE_IN_FRAMEWORK_HEADER = YES;
				CLANG_WARN_RANGE_LOOP_ANALYSIS = YES;
				CLANG_WARN_STRICT_PROTOTYPES = YES;
				CLANG_WARN_SUSPICIOUS_MOVE = YES;
				CLANG_WARN_UNGUARDED_AVAILABILITY = YES_AGGRESSIVE;
				CLANG_WARN_UNREACHABLE_CODE = YES;
				CLANG_WARN__DUPLICATE_METHOD_MATCH = YES;
				COPY_PHASE_STRIP = NO;
				DEBUG_INFORMATION_FORMAT = "dwarf-with-dsym";
				ENABLE_NS_ASSERTIONS = NO;
				ENABLE_STRICT_OBJC_MSGSEND = YES;
				ENABLE_USER_SCRIPT_SANDBOXING = YES;
				GCC_C_LANGUAGE_STANDARD = gnu17;
				GCC_NO_COMMON_BLOCKS = YES;
				GCC_WARN_64_TO_32_BIT_CONVERSION = YES;
				GCC_WARN_ABOUT_RETURN_TYPE = YES_ERROR;
				GCC_WARN_UNDECLARED_SELECTOR = YES;
				GCC_WARN_UNINITIALIZED_AUTOS = YES_AGGRESSIVE;
				GCC_WARN_UNUSED_FUNCTION = YES;
				GCC_WARN_UNUSED_VARIABLE = YES;
				IPHONEOS_DEPLOYMENT_TARGET = 17.4;
				LOCALIZATION_PREFERS_STRING_CATALOGS = YES;
				MTL_ENABLE_DEBUG_INFO = NO;
				MTL_FAST_MATH = YES;
				SDKROOT = iphoneos;
				SWIFT_COMPILATION_MODE = wholemodule;
				VALIDATE_PRODUCT = YES;
			};
			name = Release;
		};
		71CDEB022CCA07C800C82BAE /* Debug */ = {
			isa = XCBuildConfiguration;
			baseConfigurationReference = F7B3476715DD7C37552A1F18 /* Pods-Employee Details.debug.xcconfig */;
			buildSettings = {
				ASSETCATALOG_COMPILER_APPICON_NAME = AppIcon;
				ASSETCATALOG_COMPILER_GLOBAL_ACCENT_COLOR_NAME = AccentColor;
				CODE_SIGN_STYLE = Automatic;
				CURRENT_PROJECT_VERSION = 1;
				DEVELOPMENT_TEAM = CYZA5P2546;
				ENABLE_USER_SCRIPT_SANDBOXING = NO;
				GENERATE_INFOPLIST_FILE = YES;
				INFOPLIST_FILE = "Employee Details/Supporting Files/Info.plist";
				INFOPLIST_KEY_NSPhotoLibraryAddUsageDescription = "Allow this to upload choose a profile picture";
				INFOPLIST_KEY_NSPhotoLibraryUsageDescription = "Allow this to upload choose a profile picture";
				INFOPLIST_KEY_UIApplicationSupportsIndirectInputEvents = YES;
				INFOPLIST_KEY_UILaunchStoryboardName = LaunchScreen;
				INFOPLIST_KEY_UIMainStoryboardFile = Authentication;
				INFOPLIST_KEY_UISupportedInterfaceOrientations = UIInterfaceOrientationPortrait;
				IPHONEOS_DEPLOYMENT_TARGET = 15.0;
				LD_RUNPATH_SEARCH_PATHS = (
					"$(inherited)",
					"@executable_path/Frameworks",
				);
				MARKETING_VERSION = 1.0;
				PRODUCT_BUNDLE_IDENTIFIER = "com.dev.Employee-Details";
				PRODUCT_NAME = "$(TARGET_NAME)";
				SWIFT_EMIT_LOC_STRINGS = YES;
				SWIFT_VERSION = 5.0;
				TARGETED_DEVICE_FAMILY = "1,2";
			};
			name = Debug;
		};
		71CDEB032CCA07C800C82BAE /* Release */ = {
			isa = XCBuildConfiguration;
			baseConfigurationReference = 09835A370A465CEEFBB3D643 /* Pods-Employee Details.release.xcconfig */;
			buildSettings = {
				ASSETCATALOG_COMPILER_APPICON_NAME = AppIcon;
				ASSETCATALOG_COMPILER_GLOBAL_ACCENT_COLOR_NAME = AccentColor;
				CODE_SIGN_STYLE = Automatic;
				CURRENT_PROJECT_VERSION = 1;
				DEVELOPMENT_TEAM = CYZA5P2546;
				ENABLE_USER_SCRIPT_SANDBOXING = NO;
				GENERATE_INFOPLIST_FILE = YES;
				INFOPLIST_FILE = "Employee Details/Supporting Files/Info.plist";
				INFOPLIST_KEY_NSPhotoLibraryAddUsageDescription = "Allow this to upload choose a profile picture";
				INFOPLIST_KEY_NSPhotoLibraryUsageDescription = "Allow this to upload choose a profile picture";
				INFOPLIST_KEY_UIApplicationSupportsIndirectInputEvents = YES;
				INFOPLIST_KEY_UILaunchStoryboardName = LaunchScreen;
				INFOPLIST_KEY_UIMainStoryboardFile = Authentication;
				INFOPLIST_KEY_UISupportedInterfaceOrientations = UIInterfaceOrientationPortrait;
				IPHONEOS_DEPLOYMENT_TARGET = 15.0;
				LD_RUNPATH_SEARCH_PATHS = (
					"$(inherited)",
					"@executable_path/Frameworks",
				);
				MARKETING_VERSION = 1.0;
				PRODUCT_BUNDLE_IDENTIFIER = "com.dev.Employee-Details";
				PRODUCT_NAME = "$(TARGET_NAME)";
				SWIFT_EMIT_LOC_STRINGS = YES;
				SWIFT_VERSION = 5.0;
				TARGETED_DEVICE_FAMILY = "1,2";
			};
			name = Release;
		};
/* End XCBuildConfiguration section */

/* Begin XCConfigurationList section */
		71CDEAE82CCA07C600C82BAE /* Build configuration list for PBXProject "Employee Details" */ = {
			isa = XCConfigurationList;
			buildConfigurations = (
				71CDEAFF2CCA07C800C82BAE /* Debug */,
				71CDEB002CCA07C800C82BAE /* Release */,
			);
			defaultConfigurationIsVisible = 0;
			defaultConfigurationName = Release;
		};
		71CDEB012CCA07C800C82BAE /* Build configuration list for PBXNativeTarget "Employee Details" */ = {
			isa = XCConfigurationList;
			buildConfigurations = (
				71CDEB022CCA07C800C82BAE /* Debug */,
				71CDEB032CCA07C800C82BAE /* Release */,
			);
			defaultConfigurationIsVisible = 0;
			defaultConfigurationName = Release;
		};
/* End XCConfigurationList section */
	};
	rootObject = 71CDEAE52CCA07C600C82BAE /* Project object */;
}
